
Microsoft Visual Studio Solution File, Format Version 12.00
# Visual Studio 14
VisualStudioVersion = 14.0.25420.1
MinimumVisualStudioVersion = 10.0.40219.1
Project("{FAE04EC0-301F-11D3-BF4B-00C04F79EFBC}") = "almacenx", "almacenx\almacenx.csproj", "{FAB4CC5A-1833-48A0-B1DB-2D68A80DD0CB}"
EndProject
Global
	GlobalSection(SolutionConfigurationPlatforms) = preSolution
		Debug|Any CPU = Debug|Any CPU
		Release|Any CPU = Release|Any CPU
	EndGlobalSection
	GlobalSection(ProjectConfigurationPlatforms) = postSolution
		{FAB4CC5A-1833-48A0-B1DB-2D68A80DD0CB}.Debug|Any CPU.ActiveCfg = Debug|Any CPU
		{FAB4CC5A-1833-48A0-B1DB-2D68A80DD0CB}.Debug|Any CPU.Build.0 = Debug|Any CPU
		{FAB4CC5A-1833-48A0-B1DB-2D68A80DD0CB}.Release|Any CPU.ActiveCfg = Release|Any CPU
		{FAB4CC5A-1833-48A0-B1DB-2D68A80DD0CB}.Release|Any CPU.Build.0 = Release|Any CPU
	EndGlobalSection
	GlobalSection(SolutionProperties) = preSolution
		HideSolutionNode = FALSE
	EndGlobalSection
EndGlobal
